
Microsoft Visual Studio Solution File, Format Version 12.00
# Visual Studio 14
VisualStudioVersion = 14.0.25420.1
MinimumVisualStudioVersion = 10.0.40219.1
Project("{FAE04EC0-301F-11D3-BF4B-00C04F79EFBC}") = "AveTrabalho2", "ConsoleApplication2\AveTrabalho2.csproj", "{A7B64A43-5B4C-4392-BC42-3B07CCA20060}"
EndProject
Project("{FAE04EC0-301F-11D3-BF4B-00C04F79EFBC}") = "UnitTestProject2", "UnitTestProject2\UnitTestProject2.csproj", "{FFA7B5F5-A615-4BF3-9B8B-0D93D9F28FB9}"
EndProject
Global
	GlobalSection(SolutionConfigurationPlatforms) = preSolution
		Debug|Any CPU = Debug|Any CPU
		Release|Any CPU = Release|Any CPU
	EndGlobalSection
	GlobalSection(ProjectConfigurationPlatforms) = postSolution
		{A7B64A43-5B4C-4392-BC42-3B07CCA20060}.Debug|Any CPU.ActiveCfg = Debug|Any CPU
		{A7B64A43-5B4C-4392-BC42-3B07CCA20060}.Debug|Any CPU.Build.0 = Debug|Any CPU
		{A7B64A43-5B4C-4392-BC42-3B07CCA20060}.Release|Any CPU.ActiveCfg = Release|Any CPU
		{A7B64A43-5B4C-4392-BC42-3B07CCA20060}.Release|Any CPU.Build.0 = Release|Any CPU
		{FFA7B5F5-A615-4BF3-9B8B-0D93D9F28FB9}.Debug|Any CPU.ActiveCfg = Debug|Any CPU
		{FFA7B5F5-A615-4BF3-9B8B-0D93D9F28FB9}.Debug|Any CPU.Build.0 = Debug|Any CPU
		{FFA7B5F5-A615-4BF3-9B8B-0D93D9F28FB9}.Release|Any CPU.ActiveCfg = Release|Any CPU
		{FFA7B5F5-A615-4BF3-9B8B-0D93D9F28FB9}.Release|Any CPU.Build.0 = Release|Any CPU
	EndGlobalSection
	GlobalSection(SolutionProperties) = preSolution
		HideSolutionNode = FALSE
	EndGlobalSection
EndGlobal
